// !$*UTF8*$!
{
	archiveVersion = 1;
	classes = {
	};
	objectVersion = 46;
	objects = {

/* Begin PBXBuildFile section */
		40A6F63DDCC5E0A0E5175834 /* Pods_Habits.framework in Frameworks */ = {isa = PBXBuildFile; fileRef = 8939BEFD4664F02417CFA7B3 /* Pods_Habits.framework */; };
		BE6D82851C97B1A2002F796B /* CreateExerciseTableHeaderView.swift in Sources */ = {isa = PBXBuildFile; fileRef = BE6D82841C97B1A2002F796B /* CreateExerciseTableHeaderView.swift */; };
		BE6D82871C97B1AF002F796B /* CreateExerciseTableFooterView.swift in Sources */ = {isa = PBXBuildFile; fileRef = BE6D82861C97B1AF002F796B /* CreateExerciseTableFooterView.swift */; };
		BE6D82891C97B221002F796B /* CreateExerciseTableHeaderView.xib in Resources */ = {isa = PBXBuildFile; fileRef = BE6D82881C97B221002F796B /* CreateExerciseTableHeaderView.xib */; };
		BE6D828B1C97B517002F796B /* CreateExerciseTableFooterView.xib in Resources */ = {isa = PBXBuildFile; fileRef = BE6D828A1C97B517002F796B /* CreateExerciseTableFooterView.xib */; };
		BE6D828D1C97BBBE002F796B /* CreateExerciseTableViewHeaderView.swift in Sources */ = {isa = PBXBuildFile; fileRef = BE6D828C1C97BBBE002F796B /* CreateExerciseTableViewHeaderView.swift */; };
		BE6D828F1C97BBCC002F796B /* CreateExerciseTableViewHeaderView.xib in Resources */ = {isa = PBXBuildFile; fileRef = BE6D828E1C97BBCC002F796B /* CreateExerciseTableViewHeaderView.xib */; };
		BE752DCB1C966E50006C65CA /* ExerciseSetTableViewCell.swift in Sources */ = {isa = PBXBuildFile; fileRef = BE752DC91C966E50006C65CA /* ExerciseSetTableViewCell.swift */; };
		BE752DCC1C966E50006C65CA /* ExerciseSetTableViewCell.xib in Resources */ = {isa = PBXBuildFile; fileRef = BE752DCA1C966E50006C65CA /* ExerciseSetTableViewCell.xib */; };
		BE752DCF1C96747F006C65CA /* BaseTableViewHeaderFooterView.swift in Sources */ = {isa = PBXBuildFile; fileRef = BE752DCE1C96747F006C65CA /* BaseTableViewHeaderFooterView.swift */; };
		BE752DD11C96748A006C65CA /* BaseTableViewHeaderFooterView.xib in Resources */ = {isa = PBXBuildFile; fileRef = BE752DD01C96748A006C65CA /* BaseTableViewHeaderFooterView.xib */; };
		BE752DD31C9677E1006C65CA /* BaseTableViewHeaderFooterViewModel.swift in Sources */ = {isa = PBXBuildFile; fileRef = BE752DD21C9677E1006C65CA /* BaseTableViewHeaderFooterViewModel.swift */; };
		BE752DD71C9687E6006C65CA /* ExerciseSetTableViewCellModel.swift in Sources */ = {isa = PBXBuildFile; fileRef = BE752DD61C9687E6006C65CA /* ExerciseSetTableViewCellModel.swift */; };
		BEBAFCC71C913A1100EFF101 /* AppDelegate.swift in Sources */ = {isa = PBXBuildFile; fileRef = BEBAFCC61C913A1100EFF101 /* AppDelegate.swift */; };
		BEBAFCCC1C913A1100EFF101 /* Main.storyboard in Resources */ = {isa = PBXBuildFile; fileRef = BEBAFCCA1C913A1100EFF101 /* Main.storyboard */; };
		BEBAFCCF1C913A1100EFF101 /* Habits.xcdatamodeld in Sources */ = {isa = PBXBuildFile; fileRef = BEBAFCCD1C913A1100EFF101 /* Habits.xcdatamodeld */; };
		BEBAFCD11C913A1100EFF101 /* Assets.xcassets in Resources */ = {isa = PBXBuildFile; fileRef = BEBAFCD01C913A1100EFF101 /* Assets.xcassets */; };
		BEBAFCD41C913A1100EFF101 /* LaunchScreen.storyboard in Resources */ = {isa = PBXBuildFile; fileRef = BEBAFCD21C913A1100EFF101 /* LaunchScreen.storyboard */; };
		BEBAFCDF1C913A1100EFF101 /* HabitsTests.swift in Sources */ = {isa = PBXBuildFile; fileRef = BEBAFCDE1C913A1100EFF101 /* HabitsTests.swift */; };
		BEBAFCEA1C913A1100EFF101 /* HabitsUITests.swift in Sources */ = {isa = PBXBuildFile; fileRef = BEBAFCE91C913A1100EFF101 /* HabitsUITests.swift */; };
		BEBAFCFA1C913A8200EFF101 /* HomeViewController.swift in Sources */ = {isa = PBXBuildFile; fileRef = BEBAFCF81C913A8200EFF101 /* HomeViewController.swift */; };
		BEBAFCFB1C913A8200EFF101 /* HomeViewController.xib in Resources */ = {isa = PBXBuildFile; fileRef = BEBAFCF91C913A8200EFF101 /* HomeViewController.xib */; };
		BEBAFCFD1C913AA900EFF101 /* BaseViewController.swift in Sources */ = {isa = PBXBuildFile; fileRef = BEBAFCFC1C913AA900EFF101 /* BaseViewController.swift */; };
		BEBAFD001C913AD900EFF101 /* UIView+.swift in Sources */ = {isa = PBXBuildFile; fileRef = BEBAFCFF1C913AD900EFF101 /* UIView+.swift */; };
		BEBAFD051C913B1200EFF101 /* SwipeTableViewCell.swift in Sources */ = {isa = PBXBuildFile; fileRef = BEBAFD031C913B1200EFF101 /* SwipeTableViewCell.swift */; };
		BEBAFD061C913B1200EFF101 /* SwipeTableViewCell.xib in Resources */ = {isa = PBXBuildFile; fileRef = BEBAFD041C913B1200EFF101 /* SwipeTableViewCell.xib */; };
		BEBAFD081C913BCB00EFF101 /* SwipeTableViewCellModel.swift in Sources */ = {isa = PBXBuildFile; fileRef = BEBAFD071C913BCB00EFF101 /* SwipeTableViewCellModel.swift */; };
		BEBAFD0A1C913C5A00EFF101 /* Styles.swift in Sources */ = {isa = PBXBuildFile; fileRef = BEBAFD091C913C5A00EFF101 /* Styles.swift */; };
		BEBAFD0C1C913D6F00EFF101 /* TextUtils.swift in Sources */ = {isa = PBXBuildFile; fileRef = BEBAFD0B1C913D6F00EFF101 /* TextUtils.swift */; };
		BEBE13921C94C900005B5F3E /* UIColor+.swift in Sources */ = {isa = PBXBuildFile; fileRef = BEBE13911C94C900005B5F3E /* UIColor+.swift */; };
		BEF9354C1C96089A002ADD6A /* CreateTaskViewController.swift in Sources */ = {isa = PBXBuildFile; fileRef = BEF9354A1C96089A002ADD6A /* CreateTaskViewController.swift */; };
		BEF9354D1C96089A002ADD6A /* CreateTaskViewController.xib in Resources */ = {isa = PBXBuildFile; fileRef = BEF9354B1C96089A002ADD6A /* CreateTaskViewController.xib */; };
/* End PBXBuildFile section */

/* Begin PBXContainerItemProxy section */
		BEBAFCDB1C913A1100EFF101 /* PBXContainerItemProxy */ = {
			isa = PBXContainerItemProxy;
			containerPortal = BEBAFCBB1C913A1100EFF101 /* Project object */;
			proxyType = 1;
			remoteGlobalIDString = BEBAFCC21C913A1100EFF101;
			remoteInfo = Habits;
		};
		BEBAFCE61C913A1100EFF101 /* PBXContainerItemProxy */ = {
			isa = PBXContainerItemProxy;
			containerPortal = BEBAFCBB1C913A1100EFF101 /* Project object */;
			proxyType = 1;
			remoteGlobalIDString = BEBAFCC21C913A1100EFF101;
			remoteInfo = Habits;
		};
/* End PBXContainerItemProxy section */

/* Begin PBXFileReference section */
		1D2C29C02FCFAC96265500EA /* Pods-Habits.release.xcconfig */ = {isa = PBXFileReference; includeInIndex = 1; lastKnownFileType = text.xcconfig; name = "Pods-Habits.release.xcconfig"; path = "Pods/Target Support Files/Pods-Habits/Pods-Habits.release.xcconfig"; sourceTree = "<group>"; };
		8939BEFD4664F02417CFA7B3 /* Pods_Habits.framework */ = {isa = PBXFileReference; explicitFileType = wrapper.framework; includeInIndex = 0; path = Pods_Habits.framework; sourceTree = BUILT_PRODUCTS_DIR; };
		BE6D82841C97B1A2002F796B /* CreateExerciseTableHeaderView.swift */ = {isa = PBXFileReference; fileEncoding = 4; lastKnownFileType = sourcecode.swift; path = CreateExerciseTableHeaderView.swift; sourceTree = "<group>"; };
		BE6D82861C97B1AF002F796B /* CreateExerciseTableFooterView.swift */ = {isa = PBXFileReference; fileEncoding = 4; lastKnownFileType = sourcecode.swift; path = CreateExerciseTableFooterView.swift; sourceTree = "<group>"; };
		BE6D82881C97B221002F796B /* CreateExerciseTableHeaderView.xib */ = {isa = PBXFileReference; fileEncoding = 4; lastKnownFileType = file.xib; path = CreateExerciseTableHeaderView.xib; sourceTree = "<group>"; };
		BE6D828A1C97B517002F796B /* CreateExerciseTableFooterView.xib */ = {isa = PBXFileReference; fileEncoding = 4; lastKnownFileType = file.xib; path = CreateExerciseTableFooterView.xib; sourceTree = "<group>"; };
		BE6D828C1C97BBBE002F796B /* CreateExerciseTableViewHeaderView.swift */ = {isa = PBXFileReference; fileEncoding = 4; lastKnownFileType = sourcecode.swift; path = CreateExerciseTableViewHeaderView.swift; sourceTree = "<group>"; };
		BE6D828E1C97BBCC002F796B /* CreateExerciseTableViewHeaderView.xib */ = {isa = PBXFileReference; fileEncoding = 4; lastKnownFileType = file.xib; path = CreateExerciseTableViewHeaderView.xib; sourceTree = "<group>"; };
		BE752DC91C966E50006C65CA /* ExerciseSetTableViewCell.swift */ = {isa = PBXFileReference; fileEncoding = 4; lastKnownFileType = sourcecode.swift; path = ExerciseSetTableViewCell.swift; sourceTree = "<group>"; };
		BE752DCA1C966E50006C65CA /* ExerciseSetTableViewCell.xib */ = {isa = PBXFileReference; fileEncoding = 4; lastKnownFileType = file.xib; path = ExerciseSetTableViewCell.xib; sourceTree = "<group>"; };
		BE752DCE1C96747F006C65CA /* BaseTableViewHeaderFooterView.swift */ = {isa = PBXFileReference; fileEncoding = 4; lastKnownFileType = sourcecode.swift; path = BaseTableViewHeaderFooterView.swift; sourceTree = "<group>"; };
		BE752DD01C96748A006C65CA /* BaseTableViewHeaderFooterView.xib */ = {isa = PBXFileReference; fileEncoding = 4; lastKnownFileType = file.xib; path = BaseTableViewHeaderFooterView.xib; sourceTree = "<group>"; };
		BE752DD21C9677E1006C65CA /* BaseTableViewHeaderFooterViewModel.swift */ = {isa = PBXFileReference; fileEncoding = 4; lastKnownFileType = sourcecode.swift; path = BaseTableViewHeaderFooterViewModel.swift; sourceTree = "<group>"; };
		BE752DD61C9687E6006C65CA /* ExerciseSetTableViewCellModel.swift */ = {isa = PBXFileReference; fileEncoding = 4; lastKnownFileType = sourcecode.swift; path = ExerciseSetTableViewCellModel.swift; sourceTree = "<group>"; };
		BEBAFCC31C913A1100EFF101 /* Habits.app */ = {isa = PBXFileReference; explicitFileType = wrapper.application; includeInIndex = 0; path = Habits.app; sourceTree = BUILT_PRODUCTS_DIR; };
		BEBAFCC61C913A1100EFF101 /* AppDelegate.swift */ = {isa = PBXFileReference; lastKnownFileType = sourcecode.swift; path = AppDelegate.swift; sourceTree = "<group>"; };
		BEBAFCCB1C913A1100EFF101 /* Base */ = {isa = PBXFileReference; lastKnownFileType = file.storyboard; name = Base; path = Base.lproj/Main.storyboard; sourceTree = "<group>"; };
		BEBAFCCE1C913A1100EFF101 /* Habits.xcdatamodel */ = {isa = PBXFileReference; lastKnownFileType = wrapper.xcdatamodel; path = Habits.xcdatamodel; sourceTree = "<group>"; };
		BEBAFCD01C913A1100EFF101 /* Assets.xcassets */ = {isa = PBXFileReference; lastKnownFileType = folder.assetcatalog; path = Assets.xcassets; sourceTree = "<group>"; };
		BEBAFCD31C913A1100EFF101 /* Base */ = {isa = PBXFileReference; lastKnownFileType = file.storyboard; name = Base; path = Base.lproj/LaunchScreen.storyboard; sourceTree = "<group>"; };
		BEBAFCD51C913A1100EFF101 /* Info.plist */ = {isa = PBXFileReference; lastKnownFileType = text.plist.xml; path = Info.plist; sourceTree = "<group>"; };
		BEBAFCDA1C913A1100EFF101 /* HabitsTests.xctest */ = {isa = PBXFileReference; explicitFileType = wrapper.cfbundle; includeInIndex = 0; path = HabitsTests.xctest; sourceTree = BUILT_PRODUCTS_DIR; };
		BEBAFCDE1C913A1100EFF101 /* HabitsTests.swift */ = {isa = PBXFileReference; lastKnownFileType = sourcecode.swift; path = HabitsTests.swift; sourceTree = "<group>"; };
		BEBAFCE01C913A1100EFF101 /* Info.plist */ = {isa = PBXFileReference; lastKnownFileType = text.plist.xml; path = Info.plist; sourceTree = "<group>"; };
		BEBAFCE51C913A1100EFF101 /* HabitsUITests.xctest */ = {isa = PBXFileReference; explicitFileType = wrapper.cfbundle; includeInIndex = 0; path = HabitsUITests.xctest; sourceTree = BUILT_PRODUCTS_DIR; };
		BEBAFCE91C913A1100EFF101 /* HabitsUITests.swift */ = {isa = PBXFileReference; lastKnownFileType = sourcecode.swift; path = HabitsUITests.swift; sourceTree = "<group>"; };
		BEBAFCEB1C913A1100EFF101 /* Info.plist */ = {isa = PBXFileReference; lastKnownFileType = text.plist.xml; path = Info.plist; sourceTree = "<group>"; };
		BEBAFCF81C913A8200EFF101 /* HomeViewController.swift */ = {isa = PBXFileReference; fileEncoding = 4; lastKnownFileType = sourcecode.swift; path = HomeViewController.swift; sourceTree = "<group>"; };
		BEBAFCF91C913A8200EFF101 /* HomeViewController.xib */ = {isa = PBXFileReference; fileEncoding = 4; lastKnownFileType = file.xib; path = HomeViewController.xib; sourceTree = "<group>"; };
		BEBAFCFC1C913AA900EFF101 /* BaseViewController.swift */ = {isa = PBXFileReference; fileEncoding = 4; lastKnownFileType = sourcecode.swift; path = BaseViewController.swift; sourceTree = "<group>"; };
		BEBAFCFF1C913AD900EFF101 /* UIView+.swift */ = {isa = PBXFileReference; fileEncoding = 4; lastKnownFileType = sourcecode.swift; path = "UIView+.swift"; sourceTree = "<group>"; };
		BEBAFD031C913B1200EFF101 /* SwipeTableViewCell.swift */ = {isa = PBXFileReference; fileEncoding = 4; lastKnownFileType = sourcecode.swift; path = SwipeTableViewCell.swift; sourceTree = "<group>"; };
		BEBAFD041C913B1200EFF101 /* SwipeTableViewCell.xib */ = {isa = PBXFileReference; fileEncoding = 4; lastKnownFileType = file.xib; path = SwipeTableViewCell.xib; sourceTree = "<group>"; };
		BEBAFD071C913BCB00EFF101 /* SwipeTableViewCellModel.swift */ = {isa = PBXFileReference; fileEncoding = 4; lastKnownFileType = sourcecode.swift; path = SwipeTableViewCellModel.swift; sourceTree = "<group>"; };
		BEBAFD091C913C5A00EFF101 /* Styles.swift */ = {isa = PBXFileReference; fileEncoding = 4; lastKnownFileType = sourcecode.swift; path = Styles.swift; sourceTree = "<group>"; };
		BEBAFD0B1C913D6F00EFF101 /* TextUtils.swift */ = {isa = PBXFileReference; fileEncoding = 4; lastKnownFileType = sourcecode.swift; path = TextUtils.swift; sourceTree = "<group>"; };
		BEBE13911C94C900005B5F3E /* UIColor+.swift */ = {isa = PBXFileReference; fileEncoding = 4; lastKnownFileType = sourcecode.swift; path = "UIColor+.swift"; sourceTree = "<group>"; };
		BEF9354A1C96089A002ADD6A /* CreateTaskViewController.swift */ = {isa = PBXFileReference; fileEncoding = 4; lastKnownFileType = sourcecode.swift; path = CreateTaskViewController.swift; sourceTree = "<group>"; };
		BEF9354B1C96089A002ADD6A /* CreateTaskViewController.xib */ = {isa = PBXFileReference; fileEncoding = 4; lastKnownFileType = file.xib; path = CreateTaskViewController.xib; sourceTree = "<group>"; };
		C3C34C368AFE82FCE109CBEC /* Pods-Habits.debug.xcconfig */ = {isa = PBXFileReference; includeInIndex = 1; lastKnownFileType = text.xcconfig; name = "Pods-Habits.debug.xcconfig"; path = "Pods/Target Support Files/Pods-Habits/Pods-Habits.debug.xcconfig"; sourceTree = "<group>"; };
/* End PBXFileReference section */

/* Begin PBXFrameworksBuildPhase section */
		BEBAFCC01C913A1100EFF101 /* Frameworks */ = {
			isa = PBXFrameworksBuildPhase;
			buildActionMask = 2147483647;
			files = (
				40A6F63DDCC5E0A0E5175834 /* Pods_Habits.framework in Frameworks */,
			);
			runOnlyForDeploymentPostprocessing = 0;
		};
		BEBAFCD71C913A1100EFF101 /* Frameworks */ = {
			isa = PBXFrameworksBuildPhase;
			buildActionMask = 2147483647;
			files = (
			);
			runOnlyForDeploymentPostprocessing = 0;
		};
		BEBAFCE21C913A1100EFF101 /* Frameworks */ = {
			isa = PBXFrameworksBuildPhase;
			buildActionMask = 2147483647;
			files = (
			);
			runOnlyForDeploymentPostprocessing = 0;
		};
/* End PBXFrameworksBuildPhase section */

/* Begin PBXGroup section */
		86E4160B4C8F7FFD64E2BCBD /* Frameworks */ = {
			isa = PBXGroup;
			children = (
				8939BEFD4664F02417CFA7B3 /* Pods_Habits.framework */,
			);
			name = Frameworks;
			sourceTree = "<group>";
		};
		BE752DC61C966AFA006C65CA /* Home */ = {
			isa = PBXGroup;
			children = (
				BEBAFD021C913AF800EFF101 /* Cells */,
			);
			name = Home;
			sourceTree = "<group>";
		};
		BE752DC71C966B03006C65CA /* Create */ = {
			isa = PBXGroup;
			children = (
				BE6D828A1C97B517002F796B /* CreateExerciseTableFooterView.xib */,
				BE6D82861C97B1AF002F796B /* CreateExerciseTableFooterView.swift */,
				BE6D82881C97B221002F796B /* CreateExerciseTableHeaderView.xib */,
				BE6D82841C97B1A2002F796B /* CreateExerciseTableHeaderView.swift */,
				BE752DC81C966B08006C65CA /* Cells */,
				BE6D828C1C97BBBE002F796B /* CreateExerciseTableViewHeaderView.swift */,
				BE6D828E1C97BBCC002F796B /* CreateExerciseTableViewHeaderView.xib */,
			);
			name = Create;
			sourceTree = "<group>";
		};
		BE752DC81C966B08006C65CA /* Cells */ = {
			isa = PBXGroup;
			children = (
				BE752DC91C966E50006C65CA /* ExerciseSetTableViewCell.swift */,
				BE752DCA1C966E50006C65CA /* ExerciseSetTableViewCell.xib */,
				BE752DD61C9687E6006C65CA /* ExerciseSetTableViewCellModel.swift */,
			);
			name = Cells;
			sourceTree = "<group>";
		};
		BE752DCD1C96746C006C65CA /* Common */ = {
			isa = PBXGroup;
			children = (
				BE752DCE1C96747F006C65CA /* BaseTableViewHeaderFooterView.swift */,
				BE752DD01C96748A006C65CA /* BaseTableViewHeaderFooterView.xib */,
				BE752DD21C9677E1006C65CA /* BaseTableViewHeaderFooterViewModel.swift */,
			);
			name = Common;
			sourceTree = "<group>";
		};
		BEBAFCBA1C913A1100EFF101 = {
			isa = PBXGroup;
			children = (
				BEBAFCC51C913A1100EFF101 /* Habits */,
				BEBAFCDD1C913A1100EFF101 /* HabitsTests */,
				BEBAFCE81C913A1100EFF101 /* HabitsUITests */,
				BEBAFCC41C913A1100EFF101 /* Products */,
				DED1E8465B95212BDDD33413 /* Pods */,
				86E4160B4C8F7FFD64E2BCBD /* Frameworks */,
			);
			sourceTree = "<group>";
		};
		BEBAFCC41C913A1100EFF101 /* Products */ = {
			isa = PBXGroup;
			children = (
				BEBAFCC31C913A1100EFF101 /* Habits.app */,
				BEBAFCDA1C913A1100EFF101 /* HabitsTests.xctest */,
				BEBAFCE51C913A1100EFF101 /* HabitsUITests.xctest */,
			);
			name = Products;
			sourceTree = "<group>";
		};
		BEBAFCC51C913A1100EFF101 /* Habits */ = {
			isa = PBXGroup;
			children = (
				BEBAFD011C913AF200EFF101 /* Views */,
				BEBAFCFE1C913ACE00EFF101 /* Extensions */,
				BEBAFCF71C913A7000EFF101 /* View Controllers */,
				BEBAFCC61C913A1100EFF101 /* AppDelegate.swift */,
				BEBAFCCA1C913A1100EFF101 /* Main.storyboard */,
				BEBAFCD01C913A1100EFF101 /* Assets.xcassets */,
				BEBAFCD21C913A1100EFF101 /* LaunchScreen.storyboard */,
				BEBAFCD51C913A1100EFF101 /* Info.plist */,
				BEBAFCCD1C913A1100EFF101 /* Habits.xcdatamodeld */,
				BEBAFCFC1C913AA900EFF101 /* BaseViewController.swift */,
				BEBAFD091C913C5A00EFF101 /* Styles.swift */,
				BEBAFD0B1C913D6F00EFF101 /* TextUtils.swift */,
			);
			path = Habits;
			sourceTree = "<group>";
		};
		BEBAFCDD1C913A1100EFF101 /* HabitsTests */ = {
			isa = PBXGroup;
			children = (
				BEBAFCDE1C913A1100EFF101 /* HabitsTests.swift */,
				BEBAFCE01C913A1100EFF101 /* Info.plist */,
			);
			path = HabitsTests;
			sourceTree = "<group>";
		};
		BEBAFCE81C913A1100EFF101 /* HabitsUITests */ = {
			isa = PBXGroup;
			children = (
				BEBAFCE91C913A1100EFF101 /* HabitsUITests.swift */,
				BEBAFCEB1C913A1100EFF101 /* Info.plist */,
			);
			path = HabitsUITests;
			sourceTree = "<group>";
		};
		BEBAFCF71C913A7000EFF101 /* View Controllers */ = {
			isa = PBXGroup;
			children = (
				BEBAFCF81C913A8200EFF101 /* HomeViewController.swift */,
				BEBAFCF91C913A8200EFF101 /* HomeViewController.xib */,
				BEF9354A1C96089A002ADD6A /* CreateTaskViewController.swift */,
				BEF9354B1C96089A002ADD6A /* CreateTaskViewController.xib */,
			);
			name = "View Controllers";
			sourceTree = "<group>";
		};
		BEBAFCFE1C913ACE00EFF101 /* Extensions */ = {
			isa = PBXGroup;
			children = (
				BEBAFCFF1C913AD900EFF101 /* UIView+.swift */,
				BEBE13911C94C900005B5F3E /* UIColor+.swift */,
			);
			name = Extensions;
			sourceTree = "<group>";
		};
		BEBAFD011C913AF200EFF101 /* Views */ = {
			isa = PBXGroup;
			children = (
				BE752DCD1C96746C006C65CA /* Common */,
				BE752DC71C966B03006C65CA /* Create */,
				BE752DC61C966AFA006C65CA /* Home */,
			);
			name = Views;
			sourceTree = "<group>";
		};
		BEBAFD021C913AF800EFF101 /* Cells */ = {
			isa = PBXGroup;
			children = (
				BEBAFD031C913B1200EFF101 /* SwipeTableViewCell.swift */,
				BEBAFD041C913B1200EFF101 /* SwipeTableViewCell.xib */,
				BEBAFD071C913BCB00EFF101 /* SwipeTableViewCellModel.swift */,
			);
			name = Cells;
			sourceTree = "<group>";
		};
		DED1E8465B95212BDDD33413 /* Pods */ = {
			isa = PBXGroup;
			children = (
				C3C34C368AFE82FCE109CBEC /* Pods-Habits.debug.xcconfig */,
				1D2C29C02FCFAC96265500EA /* Pods-Habits.release.xcconfig */,
			);
			name = Pods;
			sourceTree = "<group>";
		};
/* End PBXGroup section */

/* Begin PBXNativeTarget section */
		BEBAFCC21C913A1100EFF101 /* Habits */ = {
			isa = PBXNativeTarget;
			buildConfigurationList = BEBAFCEE1C913A1100EFF101 /* Build configuration list for PBXNativeTarget "Habits" */;
			buildPhases = (
				672E56DE52AEA28E8F4E6D8D /* Check Pods Manifest.lock */,
				BEBAFCBF1C913A1100EFF101 /* Sources */,
				BEBAFCC01C913A1100EFF101 /* Frameworks */,
				BEBAFCC11C913A1100EFF101 /* Resources */,
				63DB0A0609FFC7CF6B7429B5 /* Embed Pods Frameworks */,
				4AB5A8997F6E1F4231F51275 /* Copy Pods Resources */,
			);
			buildRules = (
			);
			dependencies = (
			);
			name = Habits;
			productName = Habits;
			productReference = BEBAFCC31C913A1100EFF101 /* Habits.app */;
			productType = "com.apple.product-type.application";
		};
		BEBAFCD91C913A1100EFF101 /* HabitsTests */ = {
			isa = PBXNativeTarget;
			buildConfigurationList = BEBAFCF11C913A1100EFF101 /* Build configuration list for PBXNativeTarget "HabitsTests" */;
			buildPhases = (
				BEBAFCD61C913A1100EFF101 /* Sources */,
				BEBAFCD71C913A1100EFF101 /* Frameworks */,
				BEBAFCD81C913A1100EFF101 /* Resources */,
			);
			buildRules = (
			);
			dependencies = (
				BEBAFCDC1C913A1100EFF101 /* PBXTargetDependency */,
			);
			name = HabitsTests;
			productName = HabitsTests;
			productReference = BEBAFCDA1C913A1100EFF101 /* HabitsTests.xctest */;
			productType = "com.apple.product-type.bundle.unit-test";
		};
		BEBAFCE41C913A1100EFF101 /* HabitsUITests */ = {
			isa = PBXNativeTarget;
			buildConfigurationList = BEBAFCF41C913A1100EFF101 /* Build configuration list for PBXNativeTarget "HabitsUITests" */;
			buildPhases = (
				BEBAFCE11C913A1100EFF101 /* Sources */,
				BEBAFCE21C913A1100EFF101 /* Frameworks */,
				BEBAFCE31C913A1100EFF101 /* Resources */,
			);
			buildRules = (
			);
			dependencies = (
				BEBAFCE71C913A1100EFF101 /* PBXTargetDependency */,
			);
			name = HabitsUITests;
			productName = HabitsUITests;
			productReference = BEBAFCE51C913A1100EFF101 /* HabitsUITests.xctest */;
			productType = "com.apple.product-type.bundle.ui-testing";
		};
/* End PBXNativeTarget section */

/* Begin PBXProject section */
		BEBAFCBB1C913A1100EFF101 /* Project object */ = {
			isa = PBXProject;
			attributes = {
				LastSwiftUpdateCheck = 0720;
				LastUpgradeCheck = 0720;
				ORGANIZATIONNAME = ken;
				TargetAttributes = {
					BEBAFCC21C913A1100EFF101 = {
						CreatedOnToolsVersion = 7.2;
					};
					BEBAFCD91C913A1100EFF101 = {
						CreatedOnToolsVersion = 7.2;
						TestTargetID = BEBAFCC21C913A1100EFF101;
					};
					BEBAFCE41C913A1100EFF101 = {
						CreatedOnToolsVersion = 7.2;
						TestTargetID = BEBAFCC21C913A1100EFF101;
					};
				};
			};
			buildConfigurationList = BEBAFCBE1C913A1100EFF101 /* Build configuration list for PBXProject "Habits" */;
			compatibilityVersion = "Xcode 3.2";
			developmentRegion = English;
			hasScannedForEncodings = 0;
			knownRegions = (
				en,
				Base,
			);
			mainGroup = BEBAFCBA1C913A1100EFF101;
			productRefGroup = BEBAFCC41C913A1100EFF101 /* Products */;
			projectDirPath = "";
			projectRoot = "";
			targets = (
				BEBAFCC21C913A1100EFF101 /* Habits */,
				BEBAFCD91C913A1100EFF101 /* HabitsTests */,
				BEBAFCE41C913A1100EFF101 /* HabitsUITests */,
			);
		};
/* End PBXProject section */

/* Begin PBXResourcesBuildPhase section */
		BEBAFCC11C913A1100EFF101 /* Resources */ = {
			isa = PBXResourcesBuildPhase;
			buildActionMask = 2147483647;
			files = (
				BEBAFCD41C913A1100EFF101 /* LaunchScreen.storyboard in Resources */,
				BE6D82891C97B221002F796B /* CreateExerciseTableHeaderView.xib in Resources */,
				BE752DD11C96748A006C65CA /* BaseTableViewHeaderFooterView.xib in Resources */,
				BEBAFCD11C913A1100EFF101 /* Assets.xcassets in Resources */,
				BE6D828B1C97B517002F796B /* CreateExerciseTableFooterView.xib in Resources */,
				BE752DCC1C966E50006C65CA /* ExerciseSetTableViewCell.xib in Resources */,
				BEBAFD061C913B1200EFF101 /* SwipeTableViewCell.xib in Resources */,
				BEF9354D1C96089A002ADD6A /* CreateTaskViewController.xib in Resources */,
				BE6D828F1C97BBCC002F796B /* CreateExerciseTableViewHeaderView.xib in Resources */,
				BEBAFCCC1C913A1100EFF101 /* Main.storyboard in Resources */,
				BEBAFCFB1C913A8200EFF101 /* HomeViewController.xib in Resources */,
			);
			runOnlyForDeploymentPostprocessing = 0;
		};
		BEBAFCD81C913A1100EFF101 /* Resources */ = {
			isa = PBXResourcesBuildPhase;
			buildActionMask = 2147483647;
			files = (
			);
			runOnlyForDeploymentPostprocessing = 0;
		};
		BEBAFCE31C913A1100EFF101 /* Resources */ = {
			isa = PBXResourcesBuildPhase;
			buildActionMask = 2147483647;
			files = (
			);
			runOnlyForDeploymentPostprocessing = 0;
		};
/* End PBXResourcesBuildPhase section */

/* Begin PBXShellScriptBuildPhase section */
		4AB5A8997F6E1F4231F51275 /* Copy Pods Resources */ = {
			isa = PBXShellScriptBuildPhase;
			buildActionMask = 2147483647;
			files = (
			);
			inputPaths = (
			);
			name = "Copy Pods Resources";
			outputPaths = (
			);
			runOnlyForDeploymentPostprocessing = 0;
			shellPath = /bin/sh;
			shellScript = "\"${SRCROOT}/Pods/Target Support Files/Pods-Habits/Pods-Habits-resources.sh\"\n";
			showEnvVarsInLog = 0;
		};
		63DB0A0609FFC7CF6B7429B5 /* Embed Pods Frameworks */ = {
			isa = PBXShellScriptBuildPhase;
			buildActionMask = 2147483647;
			files = (
			);
			inputPaths = (
			);
			name = "Embed Pods Frameworks";
			outputPaths = (
			);
			runOnlyForDeploymentPostprocessing = 0;
			shellPath = /bin/sh;
			shellScript = "\"${SRCROOT}/Pods/Target Support Files/Pods-Habits/Pods-Habits-frameworks.sh\"\n";
			showEnvVarsInLog = 0;
		};
		672E56DE52AEA28E8F4E6D8D /* Check Pods Manifest.lock */ = {
			isa = PBXShellScriptBuildPhase;
			buildActionMask = 2147483647;
			files = (
			);
			inputPaths = (
			);
			name = "Check Pods Manifest.lock";
			outputPaths = (
			);
			runOnlyForDeploymentPostprocessing = 0;
			shellPath = /bin/sh;
			shellScript = "diff \"${PODS_ROOT}/../Podfile.lock\" \"${PODS_ROOT}/Manifest.lock\" > /dev/null\nif [[ $? != 0 ]] ; then\n    cat << EOM\nerror: The sandbox is not in sync with the Podfile.lock. Run 'pod install' or update your CocoaPods installation.\nEOM\n    exit 1\nfi\n";
			showEnvVarsInLog = 0;
		};
/* End PBXShellScriptBuildPhase section */

/* Begin PBXSourcesBuildPhase section */
		BEBAFCBF1C913A1100EFF101 /* Sources */ = {
			isa = PBXSourcesBuildPhase;
			buildActionMask = 2147483647;
			files = (
				BEBAFCC71C913A1100EFF101 /* AppDelegate.swift in Sources */,
				BEBAFCFD1C913AA900EFF101 /* BaseViewController.swift in Sources */,
				BEF9354C1C96089A002ADD6A /* CreateTaskViewController.swift in Sources */,
				BEBAFD0C1C913D6F00EFF101 /* TextUtils.swift in Sources */,
				BEBAFD081C913BCB00EFF101 /* SwipeTableViewCellModel.swift in Sources */,
				BE752DD31C9677E1006C65CA /* BaseTableViewHeaderFooterViewModel.swift in Sources */,
				BE6D82871C97B1AF002F796B /* CreateExerciseTableFooterView.swift in Sources */,
				BE6D82851C97B1A2002F796B /* CreateExerciseTableHeaderView.swift in Sources */,
				BEBAFD0A1C913C5A00EFF101 /* Styles.swift in Sources */,
				BE752DCF1C96747F006C65CA /* BaseTableViewHeaderFooterView.swift in Sources */,
				BEBAFCCF1C913A1100EFF101 /* Habits.xcdatamodeld in Sources */,
				BE6D828D1C97BBBE002F796B /* CreateExerciseTableViewHeaderView.swift in Sources */,
				BEBAFCFA1C913A8200EFF101 /* HomeViewController.swift in Sources */,
				BE752DCB1C966E50006C65CA /* ExerciseSetTableViewCell.swift in Sources */,
				BEBAFD051C913B1200EFF101 /* SwipeTableViewCell.swift in Sources */,
				BE752DD71C9687E6006C65CA /* ExerciseSetTableViewCellModel.swift in Sources */,
				BEBAFD001C913AD900EFF101 /* UIView+.swift in Sources */,
				BEBE13921C94C900005B5F3E /* UIColor+.swift in Sources */,
			);
			runOnlyForDeploymentPostprocessing = 0;
		};
		BEBAFCD61C913A1100EFF101 /* Sources */ = {
			isa = PBXSourcesBuildPhase;
			buildActionMask = 2147483647;
			files = (
				BEBAFCDF1C913A1100EFF101 /* HabitsTests.swift in Sources */,
			);
			runOnlyForDeploymentPostprocessing = 0;
		};
		BEBAFCE11C913A1100EFF101 /* Sources */ = {
			isa = PBXSourcesBuildPhase;
			buildActionMask = 2147483647;
			files = (
				BEBAFCEA1C913A1100EFF101 /* HabitsUITests.swift in Sources */,
			);
			runOnlyForDeploymentPostprocessing = 0;
		};
/* End PBXSourcesBuildPhase section */

/* Begin PBXTargetDependency section */
		BEBAFCDC1C913A1100EFF101 /* PBXTargetDependency */ = {
			isa = PBXTargetDependency;
			target = BEBAFCC21C913A1100EFF101 /* Habits */;
			targetProxy = BEBAFCDB1C913A1100EFF101 /* PBXContainerItemProxy */;
		};
		BEBAFCE71C913A1100EFF101 /* PBXTargetDependency */ = {
			isa = PBXTargetDependency;
			target = BEBAFCC21C913A1100EFF101 /* Habits */;
			targetProxy = BEBAFCE61C913A1100EFF101 /* PBXContainerItemProxy */;
		};
/* End PBXTargetDependency section */

/* Begin PBXVariantGroup section */
		BEBAFCCA1C913A1100EFF101 /* Main.storyboard */ = {
			isa = PBXVariantGroup;
			children = (
				BEBAFCCB1C913A1100EFF101 /* Base */,
			);
			name = Main.storyboard;
			sourceTree = "<group>";
		};
		BEBAFCD21C913A1100EFF101 /* LaunchScreen.storyboard */ = {
			isa = PBXVariantGroup;
			children = (
				BEBAFCD31C913A1100EFF101 /* Base */,
			);
			name = LaunchScreen.storyboard;
			sourceTree = "<group>";
		};
/* End PBXVariantGroup section */

/* Begin XCBuildConfiguration section */
		BEBAFCEC1C913A1100EFF101 /* Debug */ = {
			isa = XCBuildConfiguration;
			buildSettings = {
				ALWAYS_SEARCH_USER_PATHS = NO;
				CLANG_CXX_LANGUAGE_STANDARD = "gnu++0x";
				CLANG_CXX_LIBRARY = "libc++";
				CLANG_ENABLE_MODULES = YES;
				CLANG_ENABLE_OBJC_ARC = YES;
				CLANG_WARN_BOOL_CONVERSION = YES;
				CLANG_WARN_CONSTANT_CONVERSION = YES;
				CLANG_WARN_DIRECT_OBJC_ISA_USAGE = YES_ERROR;
				CLANG_WARN_EMPTY_BODY = YES;
				CLANG_WARN_ENUM_CONVERSION = YES;
				CLANG_WARN_INT_CONVERSION = YES;
				CLANG_WARN_OBJC_ROOT_CLASS = YES_ERROR;
				CLANG_WARN_UNREACHABLE_CODE = YES;
				CLANG_WARN__DUPLICATE_METHOD_MATCH = YES;
				"CODE_SIGN_IDENTITY[sdk=iphoneos*]" = "iPhone Developer";
				COPY_PHASE_STRIP = NO;
				DEBUG_INFORMATION_FORMAT = dwarf;
				ENABLE_STRICT_OBJC_MSGSEND = YES;
				ENABLE_TESTABILITY = YES;
				GCC_C_LANGUAGE_STANDARD = gnu99;
				GCC_DYNAMIC_NO_PIC = NO;
				GCC_NO_COMMON_BLOCKS = YES;
				GCC_OPTIMIZATION_LEVEL = 0;
				GCC_PREPROCESSOR_DEFINITIONS = (
					"DEBUG=1",
					"$(inherited)",
				);
				GCC_WARN_64_TO_32_BIT_CONVERSION = YES;
				GCC_WARN_ABOUT_RETURN_TYPE = YES_ERROR;
				GCC_WARN_UNDECLARED_SELECTOR = YES;
				GCC_WARN_UNINITIALIZED_AUTOS = YES_AGGRESSIVE;
				GCC_WARN_UNUSED_FUNCTION = YES;
				GCC_WARN_UNUSED_VARIABLE = YES;
				IPHONEOS_DEPLOYMENT_TARGET = 9.2;
				MTL_ENABLE_DEBUG_INFO = YES;
				ONLY_ACTIVE_ARCH = YES;
				SDKROOT = iphoneos;
				SWIFT_OPTIMIZATION_LEVEL = "-Onone";
				TARGETED_DEVICE_FAMILY = "1,2";
			};
			name = Debug;
		};
		BEBAFCED1C913A1100EFF101 /* Release */ = {
			isa = XCBuildConfiguration;
			buildSettings = {
				ALWAYS_SEARCH_USER_PATHS = NO;
				CLANG_CXX_LANGUAGE_STANDARD = "gnu++0x";
				CLANG_CXX_LIBRARY = "libc++";
				CLANG_ENABLE_MODULES = YES;
				CLANG_ENABLE_OBJC_ARC = YES;
				CLANG_WARN_BOOL_CONVERSION = YES;
				CLANG_WARN_CONSTANT_CONVERSION = YES;
				CLANG_WARN_DIRECT_OBJC_ISA_USAGE = YES_ERROR;
				CLANG_WARN_EMPTY_BODY = YES;
				CLANG_WARN_ENUM_CONVERSION = YES;
				CLANG_WARN_INT_CONVERSION = YES;
				CLANG_WARN_OBJC_ROOT_CLASS = YES_ERROR;
				CLANG_WARN_UNREACHABLE_CODE = YES;
				CLANG_WARN__DUPLICATE_METHOD_MATCH = YES;
				"CODE_SIGN_IDENTITY[sdk=iphoneos*]" = "iPhone Developer";
				COPY_PHASE_STRIP = NO;
				DEBUG_INFORMATION_FORMAT = "dwarf-with-dsym";
				ENABLE_NS_ASSERTIONS = NO;
				ENABLE_STRICT_OBJC_MSGSEND = YES;
				GCC_C_LANGUAGE_STANDARD = gnu99;
				GCC_NO_COMMON_BLOCKS = YES;
				GCC_WARN_64_TO_32_BIT_CONVERSION = YES;
				GCC_WARN_ABOUT_RETURN_TYPE = YES_ERROR;
				GCC_WARN_UNDECLARED_SELECTOR = YES;
				GCC_WARN_UNINITIALIZED_AUTOS = YES_AGGRESSIVE;
				GCC_WARN_UNUSED_FUNCTION = YES;
				GCC_WARN_UNUSED_VARIABLE = YES;
				IPHONEOS_DEPLOYMENT_TARGET = 9.2;
				MTL_ENABLE_DEBUG_INFO = NO;
				SDKROOT = iphoneos;
				TARGETED_DEVICE_FAMILY = "1,2";
				VALIDATE_PRODUCT = YES;
			};
			name = Release;
		};
		BEBAFCEF1C913A1100EFF101 /* Debug */ = {
			isa = XCBuildConfiguration;
			baseConfigurationReference = C3C34C368AFE82FCE109CBEC /* Pods-Habits.debug.xcconfig */;
			buildSettings = {
				ASSETCATALOG_COMPILER_APPICON_NAME = AppIcon;
				INFOPLIST_FILE = Habits/Info.plist;
				LD_RUNPATH_SEARCH_PATHS = "$(inherited) @executable_path/Frameworks";
				PRODUCT_BUNDLE_IDENTIFIER = com.ken.Habits;
				PRODUCT_NAME = "$(TARGET_NAME)";
			};
			name = Debug;
		};
		BEBAFCF01C913A1100EFF101 /* Release */ = {
			isa = XCBuildConfiguration;
			baseConfigurationReference = 1D2C29C02FCFAC96265500EA /* Pods-Habits.release.xcconfig */;
			buildSettings = {
				ASSETCATALOG_COMPILER_APPICON_NAME = AppIcon;
				INFOPLIST_FILE = Habits/Info.plist;
				LD_RUNPATH_SEARCH_PATHS = "$(inherited) @executable_path/Frameworks";
				PRODUCT_BUNDLE_IDENTIFIER = com.ken.Habits;
				PRODUCT_NAME = "$(TARGET_NAME)";
			};
			name = Release;
		};
		BEBAFCF21C913A1100EFF101 /* Debug */ = {
			isa = XCBuildConfiguration;
			buildSettings = {
				BUNDLE_LOADER = "$(TEST_HOST)";
				INFOPLIST_FILE = HabitsTests/Info.plist;
				LD_RUNPATH_SEARCH_PATHS = "$(inherited) @executable_path/Frameworks @loader_path/Frameworks";
				PRODUCT_BUNDLE_IDENTIFIER = com.ken.HabitsTests;
				PRODUCT_NAME = "$(TARGET_NAME)";
				TEST_HOST = "$(BUILT_PRODUCTS_DIR)/Habits.app/Habits";
			};
			name = Debug;
		};
		BEBAFCF31C913A1100EFF101 /* Release */ = {
			isa = XCBuildConfiguration;
			buildSettings = {
				BUNDLE_LOADER = "$(TEST_HOST)";
				INFOPLIST_FILE = HabitsTests/Info.plist;
				LD_RUNPATH_SEARCH_PATHS = "$(inherited) @executable_path/Frameworks @loader_path/Frameworks";
				PRODUCT_BUNDLE_IDENTIFIER = com.ken.HabitsTests;
				PRODUCT_NAME = "$(TARGET_NAME)";
				TEST_HOST = "$(BUILT_PRODUCTS_DIR)/Habits.app/Habits";
			};
			name = Release;
		};
		BEBAFCF51C913A1100EFF101 /* Debug */ = {
			isa = XCBuildConfiguration;
			buildSettings = {
				INFOPLIST_FILE = HabitsUITests/Info.plist;
				LD_RUNPATH_SEARCH_PATHS = "$(inherited) @executable_path/Frameworks @loader_path/Frameworks";
				PRODUCT_BUNDLE_IDENTIFIER = com.ken.HabitsUITests;
				PRODUCT_NAME = "$(TARGET_NAME)";
				TEST_TARGET_NAME = Habits;
				USES_XCTRUNNER = YES;
			};
			name = Debug;
		};
		BEBAFCF61C913A1100EFF101 /* Release */ = {
			isa = XCBuildConfiguration;
			buildSettings = {
				INFOPLIST_FILE = HabitsUITests/Info.plist;
				LD_RUNPATH_SEARCH_PATHS = "$(inherited) @executable_path/Frameworks @loader_path/Frameworks";
				PRODUCT_BUNDLE_IDENTIFIER = com.ken.HabitsUITests;
				PRODUCT_NAME = "$(TARGET_NAME)";
				TEST_TARGET_NAME = Habits;
				USES_XCTRUNNER = YES;
			};
			name = Release;
		};
/* End XCBuildConfiguration section */

/* Begin XCConfigurationList section */
		BEBAFCBE1C913A1100EFF101 /* Build configuration list for PBXProject "Habits" */ = {
			isa = XCConfigurationList;
			buildConfigurations = (
				BEBAFCEC1C913A1100EFF101 /* Debug */,
				BEBAFCED1C913A1100EFF101 /* Release */,
			);
			defaultConfigurationIsVisible = 0;
			defaultConfigurationName = Release;
		};
		BEBAFCEE1C913A1100EFF101 /* Build configuration list for PBXNativeTarget "Habits" */ = {
			isa = XCConfigurationList;
			buildConfigurations = (
				BEBAFCEF1C913A1100EFF101 /* Debug */,
				BEBAFCF01C913A1100EFF101 /* Release */,
			);
			defaultConfigurationIsVisible = 0;
			defaultConfigurationName = Release;
		};
		BEBAFCF11C913A1100EFF101 /* Build configuration list for PBXNativeTarget "HabitsTests" */ = {
			isa = XCConfigurationList;
			buildConfigurations = (
				BEBAFCF21C913A1100EFF101 /* Debug */,
				BEBAFCF31C913A1100EFF101 /* Release */,
			);
			defaultConfigurationIsVisible = 0;
			defaultConfigurationName = Release;
		};
		BEBAFCF41C913A1100EFF101 /* Build configuration list for PBXNativeTarget "HabitsUITests" */ = {
			isa = XCConfigurationList;
			buildConfigurations = (
				BEBAFCF51C913A1100EFF101 /* Debug */,
				BEBAFCF61C913A1100EFF101 /* Release */,
			);
			defaultConfigurationIsVisible = 0;
			defaultConfigurationName = Release;
		};
/* End XCConfigurationList section */

/* Begin XCVersionGroup section */
		BEBAFCCD1C913A1100EFF101 /* Habits.xcdatamodeld */ = {
			isa = XCVersionGroup;
			children = (
				BEBAFCCE1C913A1100EFF101 /* Habits.xcdatamodel */,
			);
			currentVersion = BEBAFCCE1C913A1100EFF101 /* Habits.xcdatamodel */;
			path = Habits.xcdatamodeld;
			sourceTree = "<group>";
			versionGroupType = wrapper.xcdatamodel;
		};
/* End XCVersionGroup section */
	};
	rootObject = BEBAFCBB1C913A1100EFF101 /* Project object */;
}
